
Microsoft Visual Studio Solution File, Format Version 10.00
# Visual Studio 2008
# SharpDevelop 3.1.1.5327
Project("{FAE04EC0-301F-11D3-BF4B-00C04F79EFBC}") = "IrcShark", "IrcShark\IrcShark.csproj", "{F6955540-7429-49FB-AE3D-A9AD916D2334}"
EndProject
Project("{FAE04EC0-301F-11D3-BF4B-00C04F79EFBC}") = "IrcSharkStarter", "IrcSharkStarter\IrcSharkStarter.csproj", "{340C66BE-24B0-484E-8B7C-4B492219B59E}"
EndProject
Project("{FAE04EC0-301F-11D3-BF4B-00C04F79EFBC}") = "IrcShark.Policy", "IrcShark.Policy\IrcShark.Policy.csproj", "{E18BFAF4-843E-4894-B9BF-7E4F7CA943DA}"
EndProject
Project("{FAE04EC0-301F-11D3-BF4B-00C04F79EFBC}") = "IrcSharkTest", "IrcSharkTest\IrcSharkTest.csproj", "{99EC1B2C-8F03-40C5-82CF-4E5A726F1AFD}"
EndProject
Project("{FAE04EC0-301F-11D3-BF4B-00C04F79EFBC}") = "IrcShark.Chatting.IrcTest", "IrcShark.Chatting.IrcTest\IrcShark.Chatting.IrcTest.csproj", "{867ABEAC-AC81-4C23-BBBD-3CFB9836B2A1}"
EndProject
Project("{FAE04EC0-301F-11D3-BF4B-00C04F79EFBC}") = "IrcShark.Chatting.Irc", "IrcShark.Chatting.Irc\IrcShark.Chatting.Irc.csproj", "{B287A6A8-748D-4E26-B2FF-1EC098D536F3}"
EndProject
Project("{FAE04EC0-301F-11D3-BF4B-00C04F79EFBC}") = "IrcShark.Chatting", "IrcShark.Chatting\IrcShark.Chatting.csproj", "{A978817C-24BA-42FE-A8CD-80B03EF3FDE5}"
EndProject
Project("{2150E333-8FDC-42A3-9474-1A3956D46DE8}") = "IrcShark.Extensions", "IrcShark.Extensions", "{9C4752AE-4357-4FC5-842C-2F44B4B15992}"
	ProjectSection(SolutionItems) = postProject
	EndProjectSection
EndProject
Project("{FAE04EC0-301F-11D3-BF4B-00C04F79EFBC}") = "IrcShark.Extensions.TerminalTest", "IrcShark.Extensions.TerminalTest\IrcShark.Extensions.TerminalTest.csproj", "{4BFE7203-9711-443E-AC7C-AA7B1A5C66E1}"
EndProject
Project("{FAE04EC0-301F-11D3-BF4B-00C04F79EFBC}") = "IrcShark.Extensions.Terminal", "IrcShark.Extensions.Terminal\IrcShark.Extensions.Terminal.csproj", "{22028AFF-9B26-4978-9C35-C4998A82BB46}"
EndProject
Project("{FAE04EC0-301F-11D3-BF4B-00C04F79EFBC}") = "IrcShark.Extensions.Scripting", "IrcShark.Extensions.Scripting\IrcShark.Extensions.Scripting.csproj", "{02C99BBE-4D3F-4372-A5D9-8941117D15DC}"
EndProject
Project("{FAE04EC0-301F-11D3-BF4B-00C04F79EFBC}") = "IrcShark.Extensions.Chatting", "IrcShark.Extensions.Chatting\IrcShark.Extensions.Chatting.csproj", "{298D1D46-2F53-44B9-97B1-1CB2655AE41F}"
EndProject
Global
	GlobalSection(SubversionScc) = preSolution
		Svn-Managed = True
		Manager = AnkhSVN - Subversion Support for Visual Studio
	EndGlobalSection
	GlobalSection(SolutionConfigurationPlatforms) = preSolution
		Debug|Any CPU = Debug|Any CPU
		Debug|Mixed Platforms = Debug|Mixed Platforms
		Default|Any CPU = Default|Any CPU
		Default|Mixed Platforms = Default|Mixed Platforms
		Release|Any CPU = Release|Any CPU
		Release|Mixed Platforms = Release|Mixed Platforms
	EndGlobalSection
	GlobalSection(ProjectConfigurationPlatforms) = postSolution
		{F6955540-7429-49FB-AE3D-A9AD916D2334}.Debug|Any CPU.ActiveCfg = Debug|Any CPU
		{F6955540-7429-49FB-AE3D-A9AD916D2334}.Debug|Any CPU.Build.0 = Debug|Any CPU
		{F6955540-7429-49FB-AE3D-A9AD916D2334}.Debug|Mixed Platforms.ActiveCfg = Debug|Any CPU
		{F6955540-7429-49FB-AE3D-A9AD916D2334}.Debug|Mixed Platforms.Build.0 = Debug|Any CPU
		{F6955540-7429-49FB-AE3D-A9AD916D2334}.Default|Any CPU.ActiveCfg = Debug|Any CPU
		{F6955540-7429-49FB-AE3D-A9AD916D2334}.Default|Any CPU.Build.0 = Debug|Any CPU
		{F6955540-7429-49FB-AE3D-A9AD916D2334}.Default|Mixed Platforms.ActiveCfg = Debug|Any CPU
		{F6955540-7429-49FB-AE3D-A9AD916D2334}.Default|Mixed Platforms.Build.0 = Debug|Any CPU
		{F6955540-7429-49FB-AE3D-A9AD916D2334}.Release|Any CPU.ActiveCfg = Release|Any CPU
		{F6955540-7429-49FB-AE3D-A9AD916D2334}.Release|Any CPU.Build.0 = Release|Any CPU
		{F6955540-7429-49FB-AE3D-A9AD916D2334}.Release|Mixed Platforms.ActiveCfg = Release|Any CPU
		{F6955540-7429-49FB-AE3D-A9AD916D2334}.Release|Mixed Platforms.Build.0 = Release|Any CPU
		{340C66BE-24B0-484E-8B7C-4B492219B59E}.Debug|Any CPU.ActiveCfg = Debug|Any CPU
		{340C66BE-24B0-484E-8B7C-4B492219B59E}.Debug|Any CPU.Build.0 = Debug|Any CPU
		{340C66BE-24B0-484E-8B7C-4B492219B59E}.Debug|Mixed Platforms.ActiveCfg = Debug|Any CPU
		{340C66BE-24B0-484E-8B7C-4B492219B59E}.Debug|Mixed Platforms.Build.0 = Debug|Any CPU
		{340C66BE-24B0-484E-8B7C-4B492219B59E}.Default|Any CPU.ActiveCfg = Debug|Any CPU
		{340C66BE-24B0-484E-8B7C-4B492219B59E}.Default|Any CPU.Build.0 = Debug|Any CPU
		{340C66BE-24B0-484E-8B7C-4B492219B59E}.Default|Mixed Platforms.ActiveCfg = Debug|Any CPU
		{340C66BE-24B0-484E-8B7C-4B492219B59E}.Default|Mixed Platforms.Build.0 = Debug|Any CPU
		{340C66BE-24B0-484E-8B7C-4B492219B59E}.Release|Any CPU.ActiveCfg = Release|Any CPU
		{340C66BE-24B0-484E-8B7C-4B492219B59E}.Release|Any CPU.Build.0 = Release|Any CPU
		{340C66BE-24B0-484E-8B7C-4B492219B59E}.Release|Mixed Platforms.ActiveCfg = Release|Any CPU
		{340C66BE-24B0-484E-8B7C-4B492219B59E}.Release|Mixed Platforms.Build.0 = Release|Any CPU
		{E18BFAF4-843E-4894-B9BF-7E4F7CA943DA}.Debug|Any CPU.ActiveCfg = Debug|Any CPU
		{E18BFAF4-843E-4894-B9BF-7E4F7CA943DA}.Debug|Any CPU.Build.0 = Debug|Any CPU
		{E18BFAF4-843E-4894-B9BF-7E4F7CA943DA}.Debug|Mixed Platforms.ActiveCfg = Debug|Any CPU
		{E18BFAF4-843E-4894-B9BF-7E4F7CA943DA}.Debug|Mixed Platforms.Build.0 = Debug|Any CPU
		{E18BFAF4-843E-4894-B9BF-7E4F7CA943DA}.Default|Any CPU.ActiveCfg = Debug|Any CPU
		{E18BFAF4-843E-4894-B9BF-7E4F7CA943DA}.Default|Any CPU.Build.0 = Debug|Any CPU
		{E18BFAF4-843E-4894-B9BF-7E4F7CA943DA}.Default|Mixed Platforms.ActiveCfg = Debug|Any CPU
		{E18BFAF4-843E-4894-B9BF-7E4F7CA943DA}.Default|Mixed Platforms.Build.0 = Debug|Any CPU
		{E18BFAF4-843E-4894-B9BF-7E4F7CA943DA}.Release|Any CPU.ActiveCfg = Release|Any CPU
		{E18BFAF4-843E-4894-B9BF-7E4F7CA943DA}.Release|Any CPU.Build.0 = Release|Any CPU
		{E18BFAF4-843E-4894-B9BF-7E4F7CA943DA}.Release|Mixed Platforms.ActiveCfg = Release|Any CPU
		{E18BFAF4-843E-4894-B9BF-7E4F7CA943DA}.Release|Mixed Platforms.Build.0 = Release|Any CPU
		{99EC1B2C-8F03-40C5-82CF-4E5A726F1AFD}.Debug|Any CPU.ActiveCfg = Debug|Any CPU
		{99EC1B2C-8F03-40C5-82CF-4E5A726F1AFD}.Debug|Any CPU.Build.0 = Debug|Any CPU
		{99EC1B2C-8F03-40C5-82CF-4E5A726F1AFD}.Debug|Mixed Platforms.ActiveCfg = Debug|Any CPU
		{99EC1B2C-8F03-40C5-82CF-4E5A726F1AFD}.Debug|Mixed Platforms.Build.0 = Debug|Any CPU
		{99EC1B2C-8F03-40C5-82CF-4E5A726F1AFD}.Default|Any CPU.ActiveCfg = Debug|Any CPU
		{99EC1B2C-8F03-40C5-82CF-4E5A726F1AFD}.Default|Any CPU.Build.0 = Debug|Any CPU
		{99EC1B2C-8F03-40C5-82CF-4E5A726F1AFD}.Default|Mixed Platforms.ActiveCfg = Debug|Any CPU
		{99EC1B2C-8F03-40C5-82CF-4E5A726F1AFD}.Default|Mixed Platforms.Build.0 = Debug|Any CPU
		{99EC1B2C-8F03-40C5-82CF-4E5A726F1AFD}.Release|Any CPU.ActiveCfg = Release|Any CPU
		{99EC1B2C-8F03-40C5-82CF-4E5A726F1AFD}.Release|Any CPU.Build.0 = Release|Any CPU
		{99EC1B2C-8F03-40C5-82CF-4E5A726F1AFD}.Release|Mixed Platforms.ActiveCfg = Release|Any CPU
		{99EC1B2C-8F03-40C5-82CF-4E5A726F1AFD}.Release|Mixed Platforms.Build.0 = Release|Any CPU
		{867ABEAC-AC81-4C23-BBBD-3CFB9836B2A1}.Debug|Any CPU.ActiveCfg = Debug|Any CPU
		{867ABEAC-AC81-4C23-BBBD-3CFB9836B2A1}.Debug|Any CPU.Build.0 = Debug|Any CPU
		{867ABEAC-AC81-4C23-BBBD-3CFB9836B2A1}.Debug|Mixed Platforms.ActiveCfg = Debug|Any CPU
		{867ABEAC-AC81-4C23-BBBD-3CFB9836B2A1}.Debug|Mixed Platforms.Build.0 = Debug|Any CPU
		{867ABEAC-AC81-4C23-BBBD-3CFB9836B2A1}.Default|Any CPU.ActiveCfg = Debug|Any CPU
		{867ABEAC-AC81-4C23-BBBD-3CFB9836B2A1}.Default|Any CPU.Build.0 = Debug|Any CPU
		{867ABEAC-AC81-4C23-BBBD-3CFB9836B2A1}.Default|Mixed Platforms.ActiveCfg = Debug|Any CPU
		{867ABEAC-AC81-4C23-BBBD-3CFB9836B2A1}.Default|Mixed Platforms.Build.0 = Debug|Any CPU
		{867ABEAC-AC81-4C23-BBBD-3CFB9836B2A1}.Release|Any CPU.ActiveCfg = Release|Any CPU
		{867ABEAC-AC81-4C23-BBBD-3CFB9836B2A1}.Release|Any CPU.Build.0 = Release|Any CPU
		{867ABEAC-AC81-4C23-BBBD-3CFB9836B2A1}.Release|Mixed Platforms.ActiveCfg = Release|Any CPU
		{867ABEAC-AC81-4C23-BBBD-3CFB9836B2A1}.Release|Mixed Platforms.Build.0 = Release|Any CPU
		{B287A6A8-748D-4E26-B2FF-1EC098D536F3}.Debug|Any CPU.ActiveCfg = Debug|Any CPU
		{B287A6A8-748D-4E26-B2FF-1EC098D536F3}.Debug|Any CPU.Build.0 = Debug|Any CPU
		{B287A6A8-748D-4E26-B2FF-1EC098D536F3}.Debug|Mixed Platforms.ActiveCfg = Debug|Any CPU
		{B287A6A8-748D-4E26-B2FF-1EC098D536F3}.Debug|Mixed Platforms.Build.0 = Debug|Any CPU
		{B287A6A8-748D-4E26-B2FF-1EC098D536F3}.Default|Any CPU.ActiveCfg = Debug|Any CPU
		{B287A6A8-748D-4E26-B2FF-1EC098D536F3}.Default|Any CPU.Build.0 = Debug|Any CPU
		{B287A6A8-748D-4E26-B2FF-1EC098D536F3}.Default|Mixed Platforms.ActiveCfg = Debug|Any CPU
		{B287A6A8-748D-4E26-B2FF-1EC098D536F3}.Default|Mixed Platforms.Build.0 = Debug|Any CPU
		{B287A6A8-748D-4E26-B2FF-1EC098D536F3}.Release|Any CPU.ActiveCfg = Release|Any CPU
		{B287A6A8-748D-4E26-B2FF-1EC098D536F3}.Release|Any CPU.Build.0 = Release|Any CPU
		{A978817C-24BA-42FE-A8CD-80B03EF3FDE5}.Debug|Any CPU.Build.0 = Debug|any CPU
		{A978817C-24BA-42FE-A8CD-80B03EF3FDE5}.Debug|Any CPU.ActiveCfg = Debug|any CPU
		{A978817C-24BA-42FE-A8CD-80B03EF3FDE5}.Default|Any CPU.Build.0 = Debug|any CPU
		{A978817C-24BA-42FE-A8CD-80B03EF3FDE5}.Default|Any CPU.ActiveCfg = Debug|any CPU
		{A978817C-24BA-42FE-A8CD-80B03EF3FDE5}.Release|Any CPU.Build.0 = Release|any CPU
		{A978817C-24BA-42FE-A8CD-80B03EF3FDE5}.Release|Any CPU.ActiveCfg = Release|any CPU
		{298D1D46-2F53-44B9-97B1-1CB2655AE41F}.Debug|Any CPU.Build.0 = Debug|Any CPU
		{298D1D46-2F53-44B9-97B1-1CB2655AE41F}.Debug|Any CPU.ActiveCfg = Debug|Any CPU
		{298D1D46-2F53-44B9-97B1-1CB2655AE41F}.Default|Any CPU.Build.0 = Debug|Any CPU
		{298D1D46-2F53-44B9-97B1-1CB2655AE41F}.Default|Any CPU.ActiveCfg = Debug|Any CPU
		{298D1D46-2F53-44B9-97B1-1CB2655AE41F}.Release|Any CPU.Build.0 = Release|Any CPU
		{298D1D46-2F53-44B9-97B1-1CB2655AE41F}.Release|Any CPU.ActiveCfg = Release|Any CPU
		{B287A6A8-748D-4E26-B2FF-1EC098D536F3}.Release|Mixed Platforms.ActiveCfg = Release|Any CPU
		{B287A6A8-748D-4E26-B2FF-1EC098D536F3}.Release|Mixed Platforms.Build.0 = Release|Any CPU
		{A978817C-24BA-42FE-A8CD-80B03EF3FDE5}.Debug|Any CPU.ActiveCfg = Debug|x86
		{A978817C-24BA-42FE-A8CD-80B03EF3FDE5}.Debug|Any CPU.Build.0 = Debug|x86
		{A978817C-24BA-42FE-A8CD-80B03EF3FDE5}.Debug|Mixed Platforms.ActiveCfg = Debug|x86
		{A978817C-24BA-42FE-A8CD-80B03EF3FDE5}.Debug|Mixed Platforms.Build.0 = Debug|x86
		{A978817C-24BA-42FE-A8CD-80B03EF3FDE5}.Default|Any CPU.ActiveCfg = Debug|x86
		{A978817C-24BA-42FE-A8CD-80B03EF3FDE5}.Default|Any CPU.Build.0 = Debug|x86
		{A978817C-24BA-42FE-A8CD-80B03EF3FDE5}.Default|Mixed Platforms.ActiveCfg = Debug|x86
		{A978817C-24BA-42FE-A8CD-80B03EF3FDE5}.Default|Mixed Platforms.Build.0 = Debug|x86
		{A978817C-24BA-42FE-A8CD-80B03EF3FDE5}.Release|Any CPU.ActiveCfg = Release|x86
		{A978817C-24BA-42FE-A8CD-80B03EF3FDE5}.Release|Any CPU.Build.0 = Release|x86
		{A978817C-24BA-42FE-A8CD-80B03EF3FDE5}.Release|Mixed Platforms.ActiveCfg = Release|x86
		{A978817C-24BA-42FE-A8CD-80B03EF3FDE5}.Release|Mixed Platforms.Build.0 = Release|x86
		{22028AFF-9B26-4978-9C35-C4998A82BB46}.Debug|Any CPU.ActiveCfg = Debug|Any CPU
		{22028AFF-9B26-4978-9C35-C4998A82BB46}.Debug|Any CPU.Build.0 = Debug|Any CPU
		{22028AFF-9B26-4978-9C35-C4998A82BB46}.Debug|Mixed Platforms.ActiveCfg = Debug|Any CPU
		{22028AFF-9B26-4978-9C35-C4998A82BB46}.Debug|Mixed Platforms.Build.0 = Debug|Any CPU
		{22028AFF-9B26-4978-9C35-C4998A82BB46}.Default|Any CPU.ActiveCfg = Debug|Any CPU
		{22028AFF-9B26-4978-9C35-C4998A82BB46}.Default|Any CPU.Build.0 = Debug|Any CPU
		{22028AFF-9B26-4978-9C35-C4998A82BB46}.Default|Mixed Platforms.ActiveCfg = Debug|Any CPU
		{22028AFF-9B26-4978-9C35-C4998A82BB46}.Default|Mixed Platforms.Build.0 = Debug|Any CPU
		{22028AFF-9B26-4978-9C35-C4998A82BB46}.Release|Any CPU.ActiveCfg = Release|Any CPU
		{22028AFF-9B26-4978-9C35-C4998A82BB46}.Release|Any CPU.Build.0 = Release|Any CPU
		{22028AFF-9B26-4978-9C35-C4998A82BB46}.Release|Mixed Platforms.ActiveCfg = Release|Any CPU
		{22028AFF-9B26-4978-9C35-C4998A82BB46}.Release|Mixed Platforms.Build.0 = Release|Any CPU
		{298D1D46-2F53-44B9-97B1-1CB2655AE41F}.Debug|Mixed Platforms.Build.0 = Debug|Mixed Platforms
		{298D1D46-2F53-44B9-97B1-1CB2655AE41F}.Debug|Mixed Platforms.ActiveCfg = Debug|Mixed Platforms
		{298D1D46-2F53-44B9-97B1-1CB2655AE41F}.Default|Mixed Platforms.Build.0 = Default|Mixed Platforms
		{298D1D46-2F53-44B9-97B1-1CB2655AE41F}.Default|Mixed Platforms.ActiveCfg = Default|Mixed Platforms
		{298D1D46-2F53-44B9-97B1-1CB2655AE41F}.Release|Mixed Platforms.Build.0 = Release|Mixed Platforms
		{298D1D46-2F53-44B9-97B1-1CB2655AE41F}.Release|Mixed Platforms.ActiveCfg = Release|Mixed Platforms
		{02C99BBE-4D3F-4372-A5D9-8941117D15DC}.Debug|Any CPU.Build.0 = Debug|x86
		{02C99BBE-4D3F-4372-A5D9-8941117D15DC}.Debug|Any CPU.ActiveCfg = Debug|x86
		{02C99BBE-4D3F-4372-A5D9-8941117D15DC}.Debug|Mixed Platforms.Build.0 = Debug|x86
		{02C99BBE-4D3F-4372-A5D9-8941117D15DC}.Debug|Mixed Platforms.ActiveCfg = Debug|x86
		{02C99BBE-4D3F-4372-A5D9-8941117D15DC}.Default|Any CPU.Build.0 = Debug|x86
		{02C99BBE-4D3F-4372-A5D9-8941117D15DC}.Default|Any CPU.ActiveCfg = Debug|x86
		{02C99BBE-4D3F-4372-A5D9-8941117D15DC}.Default|Mixed Platforms.Build.0 = Debug|x86
		{02C99BBE-4D3F-4372-A5D9-8941117D15DC}.Default|Mixed Platforms.ActiveCfg = Debug|x86
		{02C99BBE-4D3F-4372-A5D9-8941117D15DC}.Release|Any CPU.Build.0 = Release|x86
		{02C99BBE-4D3F-4372-A5D9-8941117D15DC}.Release|Any CPU.ActiveCfg = Release|x86
		{02C99BBE-4D3F-4372-A5D9-8941117D15DC}.Release|Mixed Platforms.Build.0 = Release|x86
		{02C99BBE-4D3F-4372-A5D9-8941117D15DC}.Release|Mixed Platforms.ActiveCfg = Release|x86
		{4BFE7203-9711-443E-AC7C-AA7B1A5C66E1}.Debug|Any CPU.Build.0 = Debug|x86
		{4BFE7203-9711-443E-AC7C-AA7B1A5C66E1}.Debug|Any CPU.ActiveCfg = Debug|x86
		{4BFE7203-9711-443E-AC7C-AA7B1A5C66E1}.Debug|Mixed Platforms.Build.0 = Debug|x86
		{4BFE7203-9711-443E-AC7C-AA7B1A5C66E1}.Debug|Mixed Platforms.ActiveCfg = Debug|x86
		{4BFE7203-9711-443E-AC7C-AA7B1A5C66E1}.Default|Any CPU.Build.0 = Debug|x86
		{4BFE7203-9711-443E-AC7C-AA7B1A5C66E1}.Default|Any CPU.ActiveCfg = Debug|x86
		{4BFE7203-9711-443E-AC7C-AA7B1A5C66E1}.Default|Mixed Platforms.Build.0 = Debug|x86
		{4BFE7203-9711-443E-AC7C-AA7B1A5C66E1}.Default|Mixed Platforms.ActiveCfg = Debug|x86
		{4BFE7203-9711-443E-AC7C-AA7B1A5C66E1}.Release|Any CPU.Build.0 = Release|x86
		{4BFE7203-9711-443E-AC7C-AA7B1A5C66E1}.Release|Any CPU.ActiveCfg = Release|x86
		{4BFE7203-9711-443E-AC7C-AA7B1A5C66E1}.Release|Mixed Platforms.Build.0 = Release|x86
		{4BFE7203-9711-443E-AC7C-AA7B1A5C66E1}.Release|Mixed Platforms.ActiveCfg = Release|x86
	EndGlobalSection
	GlobalSection(SolutionProperties) = preSolution
		HideSolutionNode = FALSE
	EndGlobalSection
	GlobalSection(MonoDevelopProperties) = preSolution
		version = 0.1
		StartupItem = IrcSharkStarter\IrcSharkStarter.csproj
		Policies = $0
		$0.StandardHeader = $1
		$1.Text = @$Id$\n\nNote:\n\nCopyright (C) ${Year} ${CopyrightHolder}\n \nThis program is free software: you can redistribute it and/or modify\nit under the terms of the GNU General Public License as published by\nthe Free Software Foundation, either version 3 of the License, or\n(at your option) any later version.\n\nThis program is distributed in the hope that it will be useful,\nbut WITHOUT ANY WARRANTY; without even the implied warranty of\nMERCHANTABILITY or FITNESS FOR A PARTICULAR PURPOSE.  See the\nGNU General Public License for more details.\n\nYou should have received a copy of the GNU General Public License\nalong with this program.  If not, see <http://www.gnu.org/licenses/>.
		$1.inheritsSet = MITX11License
		$0.DotNetNamingPolicy = $2
		$2.DirectoryNamespaceAssociation = None
		$2.ResourceNamePolicy = FileFormatDefault
		$0.VersionControlPolicy = $3
		$3.inheritsSet = Mono
	EndGlobalSection
	GlobalSection(NestedProjects) = preSolution
		{298D1D46-2F53-44B9-97B1-1CB2655AE41F} = {9C4752AE-4357-4FC5-842C-2F44B4B15992}
		{02C99BBE-4D3F-4372-A5D9-8941117D15DC} = {9C4752AE-4357-4FC5-842C-2F44B4B15992}
		{22028AFF-9B26-4978-9C35-C4998A82BB46} = {9C4752AE-4357-4FC5-842C-2F44B4B15992}
		{4BFE7203-9711-443E-AC7C-AA7B1A5C66E1} = {9C4752AE-4357-4FC5-842C-2F44B4B15992}
	EndGlobalSection
EndGlobal
