
Microsoft Visual Studio Solution File, Format Version 10.00
# Visual Studio 2008
# SharpDevelop 3.2.0.5505
Project("{FAE04EC0-301F-11D3-BF4B-00C04F79EFBC}") = "IrcShark", "IrcShark\IrcShark.csproj", "{F6955540-7429-49FB-AE3D-A9AD916D2334}"
EndProject
Project("{FAE04EC0-301F-11D3-BF4B-00C04F79EFBC}") = "IrcSharkStarter", "IrcSharkStarter\IrcSharkStarter.csproj", "{340C66BE-24B0-484E-8B7C-4B492219B59E}"
EndProject
Project("{FAE04EC0-301F-11D3-BF4B-00C04F79EFBC}") = "IrcShark.Policy", "IrcShark.Policy\IrcShark.Policy.csproj", "{E18BFAF4-843E-4894-B9BF-7E4F7CA943DA}"
EndProject
Project("{FAE04EC0-301F-11D3-BF4B-00C04F79EFBC}") = "IrcShark.Chatting.IrcTest", "IrcShark.Chatting.IrcTest\IrcShark.Chatting.IrcTest.csproj", "{867ABEAC-AC81-4C23-BBBD-3CFB9836B2A1}"
EndProject
Project("{FAE04EC0-301F-11D3-BF4B-00C04F79EFBC}") = "IrcShark.Chatting.Irc", "IrcShark.Chatting.Irc\IrcShark.Chatting.Irc.csproj", "{B287A6A8-748D-4E26-B2FF-1EC098D536F3}"
EndProject
Project("{FAE04EC0-301F-11D3-BF4B-00C04F79EFBC}") = "IrcShark.Chatting", "IrcShark.Chatting\IrcShark.Chatting.csproj", "{A978817C-24BA-42FE-A8CD-80B03EF3FDE5}"
EndProject
Project("{2150E333-8FDC-42A3-9474-1A3956D46DE8}") = "IrcShark.Extensions", "IrcShark.Extensions", "{9C4752AE-4357-4FC5-842C-2F44B4B15992}"
	ProjectSection(SolutionItems) = postProject
	EndProjectSection
EndProject
Project("{FAE04EC0-301F-11D3-BF4B-00C04F79EFBC}") = "IrcShark.Extensions.Sessions", "IrcShark.Extensions.Sessions\IrcShark.Extensions.Sessions.csproj", "{B6DF4FD9-3110-4A91-8434-88024C582C4E}"
EndProject
Project("{FAE04EC0-301F-11D3-BF4B-00C04F79EFBC}") = "IrcShark.Extensions.ScriptingTest", "IrcShark.Extensions.ScriptingTest\IrcShark.Extensions.ScriptingTest.csproj", "{E8C33034-ECAF-4DAE-A5A6-C06CC3610931}"
EndProject
Project("{FAE04EC0-301F-11D3-BF4B-00C04F79EFBC}") = "IrcShark.Extensions.Scripting.MslTest", "IrcShark.Extensions.Scripting.MslTest\IrcShark.Extensions.Scripting.MslTest.csproj", "{1646ED2E-CE17-44E6-A17B-EB70EE370FF6}"
EndProject
Project("{FAE04EC0-301F-11D3-BF4B-00C04F79EFBC}") = "IrcShark.Extensions.Chatting.Irc", "IrcShark.Extensions.Chatting.Irc\IrcShark.Extensions.Chatting.Irc.csproj", "{08BDDD77-FE18-4093-8E53-A65F756FBD96}"
EndProject
Project("{FAE04EC0-301F-11D3-BF4B-00C04F79EFBC}") = "IrcShark.Extensions.Chatting", "IrcShark.Extensions.Chatting\IrcShark.Extensions.Chatting.csproj", "{298D1D46-2F53-44B9-97B1-1CB2655AE41F}"
EndProject
Project("{FAE04EC0-301F-11D3-BF4B-00C04F79EFBC}") = "IrcShark.Extensions.Scripting", "IrcShark.Extensions.Scripting\IrcShark.Extensions.Scripting.csproj", "{02C99BBE-4D3F-4372-A5D9-8941117D15DC}"
EndProject
Project("{FAE04EC0-301F-11D3-BF4B-00C04F79EFBC}") = "IrcShark.Extensions.Terminal", "IrcShark.Extensions.Terminal\IrcShark.Extensions.Terminal.csproj", "{22028AFF-9B26-4978-9C35-C4998A82BB46}"
EndProject
Project("{FAE04EC0-301F-11D3-BF4B-00C04F79EFBC}") = "IrcShark.Extensions.TerminalTest", "IrcShark.Extensions.TerminalTest\IrcShark.Extensions.TerminalTest.csproj", "{4BFE7203-9711-443E-AC7C-AA7B1A5C66E1}"
EndProject
Project("{FAE04EC0-301F-11D3-BF4B-00C04F79EFBC}") = "IrcShark.Extensions.Scripting.Msl", "IrcShark.Extensions.Scripting.Msl\IrcShark.Extensions.Scripting.Msl.csproj", "{2967E4AA-E47A-4265-BC87-555DC8F57AEB}"
EndProject
Project("{FAE04EC0-301F-11D3-BF4B-00C04F79EFBC}") = "IrcShark.Extensions.WebUi", "IrcShark.Extensions.WebUi\IrcShark.Extensions.WebUi.csproj", "{D1E7D6B2-4AA9-420C-95EE-A909C420D514}"
EndProject
Project("{2150E333-8FDC-42A3-9474-1A3956D46DE8}") = "IrcShark.Connectors", "IrcShark.Connectors", "{E439D789-52A4-4F8D-9C16-94CE2443962F}"
	ProjectSection(SolutionItems) = postProject
	EndProjectSection
EndProject
Project("{FAE04EC0-301F-11D3-BF4B-00C04F79EFBC}") = "IrcShark.Connectors.TerminalIrc", "IrcShark.Connectors.TerminalIrc\IrcShark.Connectors.TerminalIrc.csproj", "{AC272414-0F0B-47AA-9F28-3E4957BF71BC}"
EndProject
Project("{FAE04EC0-301F-11D3-BF4B-00C04F79EFBC}") = "IrcShark.Connectors.TerminalChatting", "IrcShark.Connectors.TerminalChatting\IrcShark.Connectors.TerminalChatting.csproj", "{8479FA86-C26B-4C14-867F-A21A2AD5646D}"
EndProject
Project("{FAE04EC0-301F-11D3-BF4B-00C04F79EFBC}") = "IrcShark.Connectors.TerminalScripting", "IrcShark.Connectors.TerminalScripting\IrcShark.Connectors.TerminalScripting.csproj", "{D47F73BA-9DD3-4131-B4EB-4E0E6FF0D704}"
EndProject
Project("{FAE04EC0-301F-11D3-BF4B-00C04F79EFBC}") = "IrcShark.Connectors.TerminalSessions", "IrcShark.Connectors.TerminalSessions\IrcShark.Connectors.TerminalSessions.csproj", "{497BB59A-8138-4D7A-A846-42EA400D13C7}"
EndProject
Project("{FAE04EC0-301F-11D3-BF4B-00C04F79EFBC}") = "IrcSharkGui", "IrcSharkGui\IrcSharkGui.csproj", "{CC373D3F-A234-4D92-B52B-199ABFD44926}"
EndProject
Project("{FAE04EC0-301F-11D3-BF4B-00C04F79EFBC}") = "IrcShark.Security", "IrcShark.Security\IrcShark.Security.csproj", "{203FD3BA-203F-4C8F-93FB-A81D21A3A709}"
EndProject
Global
	GlobalSection(SubversionScc) = preSolution
		Svn-Managed = True
		Manager = AnkhSVN - Subversion Support for Visual Studio
	EndGlobalSection
	GlobalSection(SolutionConfigurationPlatforms) = preSolution
		Debug|Any CPU = Debug|Any CPU
		Debug|Mixed Platforms = Debug|Mixed Platforms
		Default|Any CPU = Default|Any CPU
		Default|Mixed Platforms = Default|Mixed Platforms
		Release|Any CPU = Release|Any CPU
		Release|Mixed Platforms = Release|Mixed Platforms
	EndGlobalSection
	GlobalSection(ProjectConfigurationPlatforms) = postSolution
		{F6955540-7429-49FB-AE3D-A9AD916D2334}.Debug|Any CPU.ActiveCfg = Debug|Any CPU
		{F6955540-7429-49FB-AE3D-A9AD916D2334}.Debug|Any CPU.Build.0 = Debug|Any CPU
		{F6955540-7429-49FB-AE3D-A9AD916D2334}.Debug|Mixed Platforms.ActiveCfg = Debug|Any CPU
		{F6955540-7429-49FB-AE3D-A9AD916D2334}.Debug|Mixed Platforms.Build.0 = Debug|Any CPU
		{F6955540-7429-49FB-AE3D-A9AD916D2334}.Default|Any CPU.ActiveCfg = Debug|Any CPU
		{F6955540-7429-49FB-AE3D-A9AD916D2334}.Default|Any CPU.Build.0 = Debug|Any CPU
		{F6955540-7429-49FB-AE3D-A9AD916D2334}.Default|Mixed Platforms.ActiveCfg = Debug|Any CPU
		{F6955540-7429-49FB-AE3D-A9AD916D2334}.Default|Mixed Platforms.Build.0 = Debug|Any CPU
		{F6955540-7429-49FB-AE3D-A9AD916D2334}.Release|Any CPU.ActiveCfg = Release|Any CPU
		{F6955540-7429-49FB-AE3D-A9AD916D2334}.Release|Any CPU.Build.0 = Release|Any CPU
		{F6955540-7429-49FB-AE3D-A9AD916D2334}.Release|Mixed Platforms.ActiveCfg = Release|Any CPU
		{F6955540-7429-49FB-AE3D-A9AD916D2334}.Release|Mixed Platforms.Build.0 = Release|Any CPU
		{340C66BE-24B0-484E-8B7C-4B492219B59E}.Debug|Any CPU.ActiveCfg = Debug|Any CPU
		{340C66BE-24B0-484E-8B7C-4B492219B59E}.Debug|Any CPU.Build.0 = Debug|Any CPU
		{340C66BE-24B0-484E-8B7C-4B492219B59E}.Debug|Mixed Platforms.ActiveCfg = Debug|Any CPU
		{340C66BE-24B0-484E-8B7C-4B492219B59E}.Debug|Mixed Platforms.Build.0 = Debug|Any CPU
		{340C66BE-24B0-484E-8B7C-4B492219B59E}.Default|Any CPU.ActiveCfg = Debug|Any CPU
		{340C66BE-24B0-484E-8B7C-4B492219B59E}.Default|Any CPU.Build.0 = Debug|Any CPU
		{340C66BE-24B0-484E-8B7C-4B492219B59E}.Default|Mixed Platforms.ActiveCfg = Debug|Any CPU
		{340C66BE-24B0-484E-8B7C-4B492219B59E}.Default|Mixed Platforms.Build.0 = Debug|Any CPU
		{340C66BE-24B0-484E-8B7C-4B492219B59E}.Release|Any CPU.ActiveCfg = Release|Any CPU
		{340C66BE-24B0-484E-8B7C-4B492219B59E}.Release|Any CPU.Build.0 = Release|Any CPU
		{340C66BE-24B0-484E-8B7C-4B492219B59E}.Release|Mixed Platforms.ActiveCfg = Release|Any CPU
		{340C66BE-24B0-484E-8B7C-4B492219B59E}.Release|Mixed Platforms.Build.0 = Release|Any CPU
		{E18BFAF4-843E-4894-B9BF-7E4F7CA943DA}.Debug|Any CPU.ActiveCfg = Debug|Any CPU
		{E18BFAF4-843E-4894-B9BF-7E4F7CA943DA}.Debug|Any CPU.Build.0 = Debug|Any CPU
		{E18BFAF4-843E-4894-B9BF-7E4F7CA943DA}.Debug|Mixed Platforms.ActiveCfg = Debug|Any CPU
		{E18BFAF4-843E-4894-B9BF-7E4F7CA943DA}.Debug|Mixed Platforms.Build.0 = Debug|Any CPU
		{E18BFAF4-843E-4894-B9BF-7E4F7CA943DA}.Default|Any CPU.ActiveCfg = Debug|Any CPU
		{E18BFAF4-843E-4894-B9BF-7E4F7CA943DA}.Default|Any CPU.Build.0 = Debug|Any CPU
		{E18BFAF4-843E-4894-B9BF-7E4F7CA943DA}.Default|Mixed Platforms.ActiveCfg = Debug|Any CPU
		{E18BFAF4-843E-4894-B9BF-7E4F7CA943DA}.Default|Mixed Platforms.Build.0 = Debug|Any CPU
		{E18BFAF4-843E-4894-B9BF-7E4F7CA943DA}.Release|Any CPU.ActiveCfg = Release|Any CPU
		{E18BFAF4-843E-4894-B9BF-7E4F7CA943DA}.Release|Any CPU.Build.0 = Release|Any CPU
		{E18BFAF4-843E-4894-B9BF-7E4F7CA943DA}.Release|Mixed Platforms.ActiveCfg = Release|Any CPU
		{E18BFAF4-843E-4894-B9BF-7E4F7CA943DA}.Release|Mixed Platforms.Build.0 = Release|Any CPU
		{867ABEAC-AC81-4C23-BBBD-3CFB9836B2A1}.Debug|Any CPU.ActiveCfg = Debug|Any CPU
		{867ABEAC-AC81-4C23-BBBD-3CFB9836B2A1}.Debug|Any CPU.Build.0 = Debug|Any CPU
		{867ABEAC-AC81-4C23-BBBD-3CFB9836B2A1}.Debug|Mixed Platforms.ActiveCfg = Debug|Any CPU
		{867ABEAC-AC81-4C23-BBBD-3CFB9836B2A1}.Debug|Mixed Platforms.Build.0 = Debug|Any CPU
		{867ABEAC-AC81-4C23-BBBD-3CFB9836B2A1}.Default|Any CPU.ActiveCfg = Debug|Any CPU
		{867ABEAC-AC81-4C23-BBBD-3CFB9836B2A1}.Default|Any CPU.Build.0 = Debug|Any CPU
		{867ABEAC-AC81-4C23-BBBD-3CFB9836B2A1}.Default|Mixed Platforms.ActiveCfg = Debug|Any CPU
		{867ABEAC-AC81-4C23-BBBD-3CFB9836B2A1}.Default|Mixed Platforms.Build.0 = Debug|Any CPU
		{867ABEAC-AC81-4C23-BBBD-3CFB9836B2A1}.Release|Any CPU.ActiveCfg = Release|Any CPU
		{867ABEAC-AC81-4C23-BBBD-3CFB9836B2A1}.Release|Any CPU.Build.0 = Release|Any CPU
		{867ABEAC-AC81-4C23-BBBD-3CFB9836B2A1}.Release|Mixed Platforms.ActiveCfg = Release|Any CPU
		{867ABEAC-AC81-4C23-BBBD-3CFB9836B2A1}.Release|Mixed Platforms.Build.0 = Release|Any CPU
		{B287A6A8-748D-4E26-B2FF-1EC098D536F3}.Debug|Any CPU.ActiveCfg = Debug|Any CPU
		{B287A6A8-748D-4E26-B2FF-1EC098D536F3}.Debug|Any CPU.Build.0 = Debug|Any CPU
		{B287A6A8-748D-4E26-B2FF-1EC098D536F3}.Debug|Mixed Platforms.ActiveCfg = Debug|Any CPU
		{B287A6A8-748D-4E26-B2FF-1EC098D536F3}.Debug|Mixed Platforms.Build.0 = Debug|Any CPU
		{B287A6A8-748D-4E26-B2FF-1EC098D536F3}.Default|Any CPU.ActiveCfg = Debug|Any CPU
		{B287A6A8-748D-4E26-B2FF-1EC098D536F3}.Default|Any CPU.Build.0 = Debug|Any CPU
		{B287A6A8-748D-4E26-B2FF-1EC098D536F3}.Default|Mixed Platforms.ActiveCfg = Debug|Any CPU
		{B287A6A8-748D-4E26-B2FF-1EC098D536F3}.Default|Mixed Platforms.Build.0 = Debug|Any CPU
		{B287A6A8-748D-4E26-B2FF-1EC098D536F3}.Release|Any CPU.ActiveCfg = Release|Any CPU
		{B287A6A8-748D-4E26-B2FF-1EC098D536F3}.Release|Any CPU.Build.0 = Release|Any CPU
		{A978817C-24BA-42FE-A8CD-80B03EF3FDE5}.Debug|Any CPU.Build.0 = Debug|any CPU
		{A978817C-24BA-42FE-A8CD-80B03EF3FDE5}.Debug|Any CPU.ActiveCfg = Debug|any CPU
		{A978817C-24BA-42FE-A8CD-80B03EF3FDE5}.Default|Any CPU.Build.0 = Debug|any CPU
		{A978817C-24BA-42FE-A8CD-80B03EF3FDE5}.Default|Any CPU.ActiveCfg = Debug|any CPU
		{A978817C-24BA-42FE-A8CD-80B03EF3FDE5}.Release|Any CPU.Build.0 = Release|any CPU
		{A978817C-24BA-42FE-A8CD-80B03EF3FDE5}.Release|Any CPU.ActiveCfg = Release|any CPU
		{298D1D46-2F53-44B9-97B1-1CB2655AE41F}.Debug|Any CPU.Build.0 = Debug|Any CPU
		{298D1D46-2F53-44B9-97B1-1CB2655AE41F}.Debug|Any CPU.ActiveCfg = Debug|Any CPU
		{298D1D46-2F53-44B9-97B1-1CB2655AE41F}.Default|Any CPU.Build.0 = Debug|Any CPU
		{298D1D46-2F53-44B9-97B1-1CB2655AE41F}.Default|Any CPU.ActiveCfg = Debug|Any CPU
		{298D1D46-2F53-44B9-97B1-1CB2655AE41F}.Release|Any CPU.Build.0 = Release|Any CPU
		{298D1D46-2F53-44B9-97B1-1CB2655AE41F}.Release|Any CPU.ActiveCfg = Release|Any CPU
		{B287A6A8-748D-4E26-B2FF-1EC098D536F3}.Release|Mixed Platforms.ActiveCfg = Release|Any CPU
		{B287A6A8-748D-4E26-B2FF-1EC098D536F3}.Release|Mixed Platforms.Build.0 = Release|Any CPU
		{A978817C-24BA-42FE-A8CD-80B03EF3FDE5}.Debug|Any CPU.ActiveCfg = Debug|x86
		{A978817C-24BA-42FE-A8CD-80B03EF3FDE5}.Debug|Any CPU.Build.0 = Debug|x86
		{A978817C-24BA-42FE-A8CD-80B03EF3FDE5}.Debug|Mixed Platforms.ActiveCfg = Debug|x86
		{A978817C-24BA-42FE-A8CD-80B03EF3FDE5}.Debug|Mixed Platforms.Build.0 = Debug|x86
		{A978817C-24BA-42FE-A8CD-80B03EF3FDE5}.Default|Any CPU.ActiveCfg = Debug|x86
		{A978817C-24BA-42FE-A8CD-80B03EF3FDE5}.Default|Any CPU.Build.0 = Debug|x86
		{A978817C-24BA-42FE-A8CD-80B03EF3FDE5}.Default|Mixed Platforms.ActiveCfg = Debug|x86
		{A978817C-24BA-42FE-A8CD-80B03EF3FDE5}.Default|Mixed Platforms.Build.0 = Debug|x86
		{A978817C-24BA-42FE-A8CD-80B03EF3FDE5}.Release|Any CPU.ActiveCfg = Release|x86
		{A978817C-24BA-42FE-A8CD-80B03EF3FDE5}.Release|Any CPU.Build.0 = Release|x86
		{A978817C-24BA-42FE-A8CD-80B03EF3FDE5}.Release|Mixed Platforms.ActiveCfg = Release|x86
		{A978817C-24BA-42FE-A8CD-80B03EF3FDE5}.Release|Mixed Platforms.Build.0 = Release|x86
		{22028AFF-9B26-4978-9C35-C4998A82BB46}.Debug|Any CPU.ActiveCfg = Debug|x86
		{22028AFF-9B26-4978-9C35-C4998A82BB46}.Debug|Any CPU.Build.0 = Debug|x86
		{22028AFF-9B26-4978-9C35-C4998A82BB46}.Debug|Mixed Platforms.ActiveCfg = Debug|Any CPU
		{22028AFF-9B26-4978-9C35-C4998A82BB46}.Debug|Mixed Platforms.Build.0 = Debug|Any CPU
		{22028AFF-9B26-4978-9C35-C4998A82BB46}.Default|Any CPU.ActiveCfg = Debug|Any CPU
		{22028AFF-9B26-4978-9C35-C4998A82BB46}.Default|Any CPU.Build.0 = Debug|Any CPU
		{22028AFF-9B26-4978-9C35-C4998A82BB46}.Default|Mixed Platforms.ActiveCfg = Debug|Any CPU
		{22028AFF-9B26-4978-9C35-C4998A82BB46}.Default|Mixed Platforms.Build.0 = Debug|Any CPU
		{22028AFF-9B26-4978-9C35-C4998A82BB46}.Release|Any CPU.ActiveCfg = Release|Any CPU
		{22028AFF-9B26-4978-9C35-C4998A82BB46}.Release|Any CPU.Build.0 = Release|Any CPU
		{22028AFF-9B26-4978-9C35-C4998A82BB46}.Release|Mixed Platforms.ActiveCfg = Release|Any CPU
		{22028AFF-9B26-4978-9C35-C4998A82BB46}.Release|Mixed Platforms.Build.0 = Release|Any CPU
		{298D1D46-2F53-44B9-97B1-1CB2655AE41F}.Debug|Mixed Platforms.Build.0 = Debug|Mixed Platforms
		{298D1D46-2F53-44B9-97B1-1CB2655AE41F}.Debug|Mixed Platforms.ActiveCfg = Debug|Mixed Platforms
		{298D1D46-2F53-44B9-97B1-1CB2655AE41F}.Default|Mixed Platforms.Build.0 = Default|Mixed Platforms
		{298D1D46-2F53-44B9-97B1-1CB2655AE41F}.Default|Mixed Platforms.ActiveCfg = Default|Mixed Platforms
		{298D1D46-2F53-44B9-97B1-1CB2655AE41F}.Release|Mixed Platforms.Build.0 = Release|Mixed Platforms
		{298D1D46-2F53-44B9-97B1-1CB2655AE41F}.Release|Mixed Platforms.ActiveCfg = Release|Mixed Platforms
		{02C99BBE-4D3F-4372-A5D9-8941117D15DC}.Debug|Any CPU.Build.0 = Debug|x86
		{02C99BBE-4D3F-4372-A5D9-8941117D15DC}.Debug|Any CPU.ActiveCfg = Debug|x86
		{02C99BBE-4D3F-4372-A5D9-8941117D15DC}.Debug|Mixed Platforms.Build.0 = Debug|x86
		{02C99BBE-4D3F-4372-A5D9-8941117D15DC}.Debug|Mixed Platforms.ActiveCfg = Debug|x86
		{02C99BBE-4D3F-4372-A5D9-8941117D15DC}.Default|Any CPU.Build.0 = Debug|x86
		{02C99BBE-4D3F-4372-A5D9-8941117D15DC}.Default|Any CPU.ActiveCfg = Debug|x86
		{02C99BBE-4D3F-4372-A5D9-8941117D15DC}.Default|Mixed Platforms.Build.0 = Debug|x86
		{02C99BBE-4D3F-4372-A5D9-8941117D15DC}.Default|Mixed Platforms.ActiveCfg = Debug|x86
		{02C99BBE-4D3F-4372-A5D9-8941117D15DC}.Release|Any CPU.Build.0 = Release|x86
		{02C99BBE-4D3F-4372-A5D9-8941117D15DC}.Release|Any CPU.ActiveCfg = Release|x86
		{02C99BBE-4D3F-4372-A5D9-8941117D15DC}.Release|Mixed Platforms.Build.0 = Release|x86
		{02C99BBE-4D3F-4372-A5D9-8941117D15DC}.Release|Mixed Platforms.ActiveCfg = Release|x86
		{4BFE7203-9711-443E-AC7C-AA7B1A5C66E1}.Debug|Any CPU.Build.0 = Debug|x86
		{4BFE7203-9711-443E-AC7C-AA7B1A5C66E1}.Debug|Any CPU.ActiveCfg = Debug|x86
		{4BFE7203-9711-443E-AC7C-AA7B1A5C66E1}.Debug|Mixed Platforms.Build.0 = Debug|x86
		{4BFE7203-9711-443E-AC7C-AA7B1A5C66E1}.Debug|Mixed Platforms.ActiveCfg = Debug|x86
		{4BFE7203-9711-443E-AC7C-AA7B1A5C66E1}.Default|Any CPU.Build.0 = Debug|x86
		{4BFE7203-9711-443E-AC7C-AA7B1A5C66E1}.Default|Any CPU.ActiveCfg = Debug|x86
		{4BFE7203-9711-443E-AC7C-AA7B1A5C66E1}.Default|Mixed Platforms.Build.0 = Debug|x86
		{4BFE7203-9711-443E-AC7C-AA7B1A5C66E1}.Default|Mixed Platforms.ActiveCfg = Debug|x86
		{4BFE7203-9711-443E-AC7C-AA7B1A5C66E1}.Release|Any CPU.Build.0 = Release|x86
		{4BFE7203-9711-443E-AC7C-AA7B1A5C66E1}.Release|Any CPU.ActiveCfg = Release|x86
		{4BFE7203-9711-443E-AC7C-AA7B1A5C66E1}.Release|Mixed Platforms.Build.0 = Release|x86
		{4BFE7203-9711-443E-AC7C-AA7B1A5C66E1}.Release|Mixed Platforms.ActiveCfg = Release|x86
		{08BDDD77-FE18-4093-8E53-A65F756FBD96}.Debug|Any CPU.Build.0 = Debug|x86
		{08BDDD77-FE18-4093-8E53-A65F756FBD96}.Debug|Any CPU.ActiveCfg = Debug|x86
		{08BDDD77-FE18-4093-8E53-A65F756FBD96}.Debug|Mixed Platforms.Build.0 = Debug|x86
		{08BDDD77-FE18-4093-8E53-A65F756FBD96}.Debug|Mixed Platforms.ActiveCfg = Debug|x86
		{08BDDD77-FE18-4093-8E53-A65F756FBD96}.Default|Any CPU.Build.0 = Debug|x86
		{08BDDD77-FE18-4093-8E53-A65F756FBD96}.Default|Any CPU.ActiveCfg = Debug|x86
		{08BDDD77-FE18-4093-8E53-A65F756FBD96}.Default|Mixed Platforms.Build.0 = Debug|x86
		{08BDDD77-FE18-4093-8E53-A65F756FBD96}.Default|Mixed Platforms.ActiveCfg = Debug|x86
		{08BDDD77-FE18-4093-8E53-A65F756FBD96}.Release|Any CPU.Build.0 = Release|x86
		{08BDDD77-FE18-4093-8E53-A65F756FBD96}.Release|Any CPU.ActiveCfg = Release|x86
		{08BDDD77-FE18-4093-8E53-A65F756FBD96}.Release|Mixed Platforms.Build.0 = Release|x86
		{08BDDD77-FE18-4093-8E53-A65F756FBD96}.Release|Mixed Platforms.ActiveCfg = Release|x86
		{8479FA86-C26B-4C14-867F-A21A2AD5646D}.Debug|Any CPU.Build.0 = Debug|x86
		{8479FA86-C26B-4C14-867F-A21A2AD5646D}.Debug|Any CPU.ActiveCfg = Debug|x86
		{8479FA86-C26B-4C14-867F-A21A2AD5646D}.Debug|Mixed Platforms.Build.0 = Debug|x86
		{8479FA86-C26B-4C14-867F-A21A2AD5646D}.Debug|Mixed Platforms.ActiveCfg = Debug|x86
		{8479FA86-C26B-4C14-867F-A21A2AD5646D}.Default|Any CPU.Build.0 = Debug|x86
		{8479FA86-C26B-4C14-867F-A21A2AD5646D}.Default|Any CPU.ActiveCfg = Debug|x86
		{8479FA86-C26B-4C14-867F-A21A2AD5646D}.Default|Mixed Platforms.Build.0 = Debug|x86
		{8479FA86-C26B-4C14-867F-A21A2AD5646D}.Default|Mixed Platforms.ActiveCfg = Debug|x86
		{8479FA86-C26B-4C14-867F-A21A2AD5646D}.Release|Any CPU.Build.0 = Release|x86
		{8479FA86-C26B-4C14-867F-A21A2AD5646D}.Release|Any CPU.ActiveCfg = Release|x86
		{8479FA86-C26B-4C14-867F-A21A2AD5646D}.Release|Mixed Platforms.Build.0 = Release|x86
		{8479FA86-C26B-4C14-867F-A21A2AD5646D}.Release|Mixed Platforms.ActiveCfg = Release|x86
		{AC272414-0F0B-47AA-9F28-3E4957BF71BC}.Debug|Any CPU.Build.0 = Debug|x86
		{AC272414-0F0B-47AA-9F28-3E4957BF71BC}.Debug|Any CPU.ActiveCfg = Debug|x86
		{AC272414-0F0B-47AA-9F28-3E4957BF71BC}.Debug|Mixed Platforms.Build.0 = Debug|x86
		{AC272414-0F0B-47AA-9F28-3E4957BF71BC}.Debug|Mixed Platforms.ActiveCfg = Debug|x86
		{AC272414-0F0B-47AA-9F28-3E4957BF71BC}.Default|Any CPU.Build.0 = Debug|x86
		{AC272414-0F0B-47AA-9F28-3E4957BF71BC}.Default|Any CPU.ActiveCfg = Debug|x86
		{AC272414-0F0B-47AA-9F28-3E4957BF71BC}.Default|Mixed Platforms.Build.0 = Debug|x86
		{AC272414-0F0B-47AA-9F28-3E4957BF71BC}.Default|Mixed Platforms.ActiveCfg = Debug|x86
		{AC272414-0F0B-47AA-9F28-3E4957BF71BC}.Release|Any CPU.Build.0 = Release|x86
		{AC272414-0F0B-47AA-9F28-3E4957BF71BC}.Release|Any CPU.ActiveCfg = Release|x86
		{AC272414-0F0B-47AA-9F28-3E4957BF71BC}.Release|Mixed Platforms.Build.0 = Release|x86
		{AC272414-0F0B-47AA-9F28-3E4957BF71BC}.Release|Mixed Platforms.ActiveCfg = Release|x86
		{2967E4AA-E47A-4265-BC87-555DC8F57AEB}.Debug|Any CPU.Build.0 = Debug|x86
		{2967E4AA-E47A-4265-BC87-555DC8F57AEB}.Debug|Any CPU.ActiveCfg = Debug|x86
		{2967E4AA-E47A-4265-BC87-555DC8F57AEB}.Debug|Mixed Platforms.Build.0 = Debug|x86
		{2967E4AA-E47A-4265-BC87-555DC8F57AEB}.Debug|Mixed Platforms.ActiveCfg = Debug|x86
		{2967E4AA-E47A-4265-BC87-555DC8F57AEB}.Default|Any CPU.Build.0 = Debug|x86
		{2967E4AA-E47A-4265-BC87-555DC8F57AEB}.Default|Any CPU.ActiveCfg = Debug|x86
		{2967E4AA-E47A-4265-BC87-555DC8F57AEB}.Default|Mixed Platforms.Build.0 = Debug|x86
		{2967E4AA-E47A-4265-BC87-555DC8F57AEB}.Default|Mixed Platforms.ActiveCfg = Debug|x86
		{2967E4AA-E47A-4265-BC87-555DC8F57AEB}.Release|Any CPU.Build.0 = Release|x86
		{2967E4AA-E47A-4265-BC87-555DC8F57AEB}.Release|Any CPU.ActiveCfg = Release|x86
		{2967E4AA-E47A-4265-BC87-555DC8F57AEB}.Release|Mixed Platforms.Build.0 = Release|x86
		{2967E4AA-E47A-4265-BC87-555DC8F57AEB}.Release|Mixed Platforms.ActiveCfg = Release|x86
		{1646ED2E-CE17-44E6-A17B-EB70EE370FF6}.Debug|Any CPU.Build.0 = Debug|x86
		{1646ED2E-CE17-44E6-A17B-EB70EE370FF6}.Debug|Any CPU.ActiveCfg = Debug|x86
		{1646ED2E-CE17-44E6-A17B-EB70EE370FF6}.Debug|Mixed Platforms.Build.0 = Debug|x86
		{1646ED2E-CE17-44E6-A17B-EB70EE370FF6}.Debug|Mixed Platforms.ActiveCfg = Debug|x86
		{1646ED2E-CE17-44E6-A17B-EB70EE370FF6}.Default|Any CPU.Build.0 = Debug|x86
		{1646ED2E-CE17-44E6-A17B-EB70EE370FF6}.Default|Any CPU.ActiveCfg = Debug|x86
		{1646ED2E-CE17-44E6-A17B-EB70EE370FF6}.Default|Mixed Platforms.Build.0 = Debug|x86
		{1646ED2E-CE17-44E6-A17B-EB70EE370FF6}.Default|Mixed Platforms.ActiveCfg = Debug|x86
		{1646ED2E-CE17-44E6-A17B-EB70EE370FF6}.Release|Any CPU.Build.0 = Release|x86
		{1646ED2E-CE17-44E6-A17B-EB70EE370FF6}.Release|Any CPU.ActiveCfg = Release|x86
		{1646ED2E-CE17-44E6-A17B-EB70EE370FF6}.Release|Mixed Platforms.Build.0 = Release|x86
		{1646ED2E-CE17-44E6-A17B-EB70EE370FF6}.Release|Mixed Platforms.ActiveCfg = Release|x86
		{E8C33034-ECAF-4DAE-A5A6-C06CC3610931}.Debug|Any CPU.Build.0 = Debug|x86
		{E8C33034-ECAF-4DAE-A5A6-C06CC3610931}.Debug|Any CPU.ActiveCfg = Debug|x86
		{E8C33034-ECAF-4DAE-A5A6-C06CC3610931}.Debug|Mixed Platforms.Build.0 = Debug|x86
		{E8C33034-ECAF-4DAE-A5A6-C06CC3610931}.Debug|Mixed Platforms.ActiveCfg = Debug|x86
		{E8C33034-ECAF-4DAE-A5A6-C06CC3610931}.Default|Any CPU.Build.0 = Debug|x86
		{E8C33034-ECAF-4DAE-A5A6-C06CC3610931}.Default|Any CPU.ActiveCfg = Debug|x86
		{E8C33034-ECAF-4DAE-A5A6-C06CC3610931}.Default|Mixed Platforms.Build.0 = Debug|x86
		{E8C33034-ECAF-4DAE-A5A6-C06CC3610931}.Default|Mixed Platforms.ActiveCfg = Debug|x86
		{E8C33034-ECAF-4DAE-A5A6-C06CC3610931}.Release|Any CPU.Build.0 = Release|x86
		{E8C33034-ECAF-4DAE-A5A6-C06CC3610931}.Release|Any CPU.ActiveCfg = Release|x86
		{E8C33034-ECAF-4DAE-A5A6-C06CC3610931}.Release|Mixed Platforms.Build.0 = Release|x86
		{E8C33034-ECAF-4DAE-A5A6-C06CC3610931}.Release|Mixed Platforms.ActiveCfg = Release|x86
		{D47F73BA-9DD3-4131-B4EB-4E0E6FF0D704}.Debug|Any CPU.Build.0 = Debug|x86
		{D47F73BA-9DD3-4131-B4EB-4E0E6FF0D704}.Debug|Any CPU.ActiveCfg = Debug|x86
		{D47F73BA-9DD3-4131-B4EB-4E0E6FF0D704}.Debug|Mixed Platforms.Build.0 = Debug|x86
		{D47F73BA-9DD3-4131-B4EB-4E0E6FF0D704}.Debug|Mixed Platforms.ActiveCfg = Debug|x86
		{D47F73BA-9DD3-4131-B4EB-4E0E6FF0D704}.Default|Any CPU.Build.0 = Debug|x86
		{D47F73BA-9DD3-4131-B4EB-4E0E6FF0D704}.Default|Any CPU.ActiveCfg = Debug|x86
		{D47F73BA-9DD3-4131-B4EB-4E0E6FF0D704}.Default|Mixed Platforms.Build.0 = Debug|x86
		{D47F73BA-9DD3-4131-B4EB-4E0E6FF0D704}.Default|Mixed Platforms.ActiveCfg = Debug|x86
		{D47F73BA-9DD3-4131-B4EB-4E0E6FF0D704}.Release|Any CPU.Build.0 = Release|x86
		{D47F73BA-9DD3-4131-B4EB-4E0E6FF0D704}.Release|Any CPU.ActiveCfg = Release|x86
		{D47F73BA-9DD3-4131-B4EB-4E0E6FF0D704}.Release|Mixed Platforms.Build.0 = Release|x86
		{D47F73BA-9DD3-4131-B4EB-4E0E6FF0D704}.Release|Mixed Platforms.ActiveCfg = Release|x86
		{CC373D3F-A234-4D92-B52B-199ABFD44926}.Debug|Any CPU.Build.0 = Debug|x86
		{CC373D3F-A234-4D92-B52B-199ABFD44926}.Debug|Any CPU.ActiveCfg = Debug|x86
		{CC373D3F-A234-4D92-B52B-199ABFD44926}.Debug|Mixed Platforms.Build.0 = Debug|x86
		{CC373D3F-A234-4D92-B52B-199ABFD44926}.Debug|Mixed Platforms.ActiveCfg = Debug|x86
		{CC373D3F-A234-4D92-B52B-199ABFD44926}.Default|Any CPU.Build.0 = Debug|x86
		{CC373D3F-A234-4D92-B52B-199ABFD44926}.Default|Any CPU.ActiveCfg = Debug|x86
		{CC373D3F-A234-4D92-B52B-199ABFD44926}.Default|Mixed Platforms.Build.0 = Debug|x86
		{CC373D3F-A234-4D92-B52B-199ABFD44926}.Default|Mixed Platforms.ActiveCfg = Debug|x86
		{CC373D3F-A234-4D92-B52B-199ABFD44926}.Release|Any CPU.Build.0 = Release|x86
		{CC373D3F-A234-4D92-B52B-199ABFD44926}.Release|Any CPU.ActiveCfg = Release|x86
		{CC373D3F-A234-4D92-B52B-199ABFD44926}.Release|Mixed Platforms.Build.0 = Release|x86
		{CC373D3F-A234-4D92-B52B-199ABFD44926}.Release|Mixed Platforms.ActiveCfg = Release|x86
		{D1E7D6B2-4AA9-420C-95EE-A909C420D514}.Debug|Any CPU.Build.0 = Debug|x86
		{D1E7D6B2-4AA9-420C-95EE-A909C420D514}.Debug|Any CPU.ActiveCfg = Debug|x86
		{D1E7D6B2-4AA9-420C-95EE-A909C420D514}.Debug|Mixed Platforms.Build.0 = Debug|x86
		{D1E7D6B2-4AA9-420C-95EE-A909C420D514}.Debug|Mixed Platforms.ActiveCfg = Debug|x86
		{D1E7D6B2-4AA9-420C-95EE-A909C420D514}.Default|Any CPU.Build.0 = Debug|x86
		{D1E7D6B2-4AA9-420C-95EE-A909C420D514}.Default|Any CPU.ActiveCfg = Debug|x86
		{D1E7D6B2-4AA9-420C-95EE-A909C420D514}.Default|Mixed Platforms.Build.0 = Debug|x86
		{D1E7D6B2-4AA9-420C-95EE-A909C420D514}.Default|Mixed Platforms.ActiveCfg = Debug|x86
		{D1E7D6B2-4AA9-420C-95EE-A909C420D514}.Release|Any CPU.Build.0 = Release|x86
		{D1E7D6B2-4AA9-420C-95EE-A909C420D514}.Release|Any CPU.ActiveCfg = Release|x86
		{D1E7D6B2-4AA9-420C-95EE-A909C420D514}.Release|Mixed Platforms.Build.0 = Release|x86
		{D1E7D6B2-4AA9-420C-95EE-A909C420D514}.Release|Mixed Platforms.ActiveCfg = Release|x86
		{B6DF4FD9-3110-4A91-8434-88024C582C4E}.Debug|Any CPU.Build.0 = Debug|x86
		{B6DF4FD9-3110-4A91-8434-88024C582C4E}.Debug|Any CPU.ActiveCfg = Debug|x86
		{B6DF4FD9-3110-4A91-8434-88024C582C4E}.Debug|Mixed Platforms.Build.0 = Debug|x86
		{B6DF4FD9-3110-4A91-8434-88024C582C4E}.Debug|Mixed Platforms.ActiveCfg = Debug|x86
		{B6DF4FD9-3110-4A91-8434-88024C582C4E}.Default|Any CPU.Build.0 = Debug|x86
		{B6DF4FD9-3110-4A91-8434-88024C582C4E}.Default|Any CPU.ActiveCfg = Debug|x86
		{B6DF4FD9-3110-4A91-8434-88024C582C4E}.Default|Mixed Platforms.Build.0 = Debug|x86
		{B6DF4FD9-3110-4A91-8434-88024C582C4E}.Default|Mixed Platforms.ActiveCfg = Debug|x86
		{B6DF4FD9-3110-4A91-8434-88024C582C4E}.Release|Any CPU.Build.0 = Release|x86
		{B6DF4FD9-3110-4A91-8434-88024C582C4E}.Release|Any CPU.ActiveCfg = Release|x86
		{B6DF4FD9-3110-4A91-8434-88024C582C4E}.Release|Mixed Platforms.Build.0 = Release|x86
		{B6DF4FD9-3110-4A91-8434-88024C582C4E}.Release|Mixed Platforms.ActiveCfg = Release|x86
		{203FD3BA-203F-4C8F-93FB-A81D21A3A709}.Debug|Any CPU.Build.0 = Debug|x86
		{203FD3BA-203F-4C8F-93FB-A81D21A3A709}.Debug|Any CPU.ActiveCfg = Debug|x86
		{203FD3BA-203F-4C8F-93FB-A81D21A3A709}.Debug|Mixed Platforms.Build.0 = Debug|x86
		{203FD3BA-203F-4C8F-93FB-A81D21A3A709}.Debug|Mixed Platforms.ActiveCfg = Debug|x86
		{203FD3BA-203F-4C8F-93FB-A81D21A3A709}.Default|Any CPU.Build.0 = Debug|x86
		{203FD3BA-203F-4C8F-93FB-A81D21A3A709}.Default|Any CPU.ActiveCfg = Debug|x86
		{203FD3BA-203F-4C8F-93FB-A81D21A3A709}.Default|Mixed Platforms.Build.0 = Debug|x86
		{203FD3BA-203F-4C8F-93FB-A81D21A3A709}.Default|Mixed Platforms.ActiveCfg = Debug|x86
		{203FD3BA-203F-4C8F-93FB-A81D21A3A709}.Release|Any CPU.Build.0 = Release|x86
		{203FD3BA-203F-4C8F-93FB-A81D21A3A709}.Release|Any CPU.ActiveCfg = Release|x86
		{203FD3BA-203F-4C8F-93FB-A81D21A3A709}.Release|Mixed Platforms.Build.0 = Release|x86
		{203FD3BA-203F-4C8F-93FB-A81D21A3A709}.Release|Mixed Platforms.ActiveCfg = Release|x86
		{497BB59A-8138-4D7A-A846-42EA400D13C7}.Debug|Any CPU.Build.0 = Debug|x86
		{497BB59A-8138-4D7A-A846-42EA400D13C7}.Debug|Any CPU.ActiveCfg = Debug|x86
		{497BB59A-8138-4D7A-A846-42EA400D13C7}.Debug|Mixed Platforms.Build.0 = Debug|x86
		{497BB59A-8138-4D7A-A846-42EA400D13C7}.Debug|Mixed Platforms.ActiveCfg = Debug|x86
		{497BB59A-8138-4D7A-A846-42EA400D13C7}.Default|Any CPU.Build.0 = Debug|x86
		{497BB59A-8138-4D7A-A846-42EA400D13C7}.Default|Any CPU.ActiveCfg = Debug|x86
		{497BB59A-8138-4D7A-A846-42EA400D13C7}.Default|Mixed Platforms.Build.0 = Debug|x86
		{497BB59A-8138-4D7A-A846-42EA400D13C7}.Default|Mixed Platforms.ActiveCfg = Debug|x86
		{497BB59A-8138-4D7A-A846-42EA400D13C7}.Release|Any CPU.Build.0 = Release|x86
		{497BB59A-8138-4D7A-A846-42EA400D13C7}.Release|Any CPU.ActiveCfg = Release|x86
		{497BB59A-8138-4D7A-A846-42EA400D13C7}.Release|Mixed Platforms.Build.0 = Release|x86
		{497BB59A-8138-4D7A-A846-42EA400D13C7}.Release|Mixed Platforms.ActiveCfg = Release|x86
	EndGlobalSection
	GlobalSection(SolutionProperties) = preSolution
		HideSolutionNode = FALSE
	EndGlobalSection
	GlobalSection(MonoDevelopProperties) = preSolution
		version = 0.1
		StartupItem = IrcSharkStarter\IrcSharkStarter.csproj
		Policies = $0
		$0.StandardHeader = $1
		$1.Text = @$Id$\n\nNote:\n\nCopyright (C) ${Year} ${CopyrightHolder}\n \nThis program is free software: you can redistribute it and/or modify\nit under the terms of the GNU General Public License as published by\nthe Free Software Foundation, either version 3 of the License, or\n(at your option) any later version.\n\nThis program is distributed in the hope that it will be useful,\nbut WITHOUT ANY WARRANTY; without even the implied warranty of\nMERCHANTABILITY or FITNESS FOR A PARTICULAR PURPOSE.  See the\nGNU General Public License for more details.\n\nYou should have received a copy of the GNU General Public License\nalong with this program.  If not, see <http://www.gnu.org/licenses/>.
		$1.inheritsSet = MITX11License
		$0.DotNetNamingPolicy = $2
		$2.DirectoryNamespaceAssociation = None
		$2.ResourceNamePolicy = FileFormatDefault
		$0.VersionControlPolicy = $3
		$3.inheritsSet = Mono
	EndGlobalSection
	GlobalSection(NestedProjects) = preSolution
		{D1E7D6B2-4AA9-420C-95EE-A909C420D514} = {9C4752AE-4357-4FC5-842C-2F44B4B15992}
		{2967E4AA-E47A-4265-BC87-555DC8F57AEB} = {9C4752AE-4357-4FC5-842C-2F44B4B15992}
		{4BFE7203-9711-443E-AC7C-AA7B1A5C66E1} = {9C4752AE-4357-4FC5-842C-2F44B4B15992}
		{22028AFF-9B26-4978-9C35-C4998A82BB46} = {9C4752AE-4357-4FC5-842C-2F44B4B15992}
		{02C99BBE-4D3F-4372-A5D9-8941117D15DC} = {9C4752AE-4357-4FC5-842C-2F44B4B15992}
		{298D1D46-2F53-44B9-97B1-1CB2655AE41F} = {9C4752AE-4357-4FC5-842C-2F44B4B15992}
		{08BDDD77-FE18-4093-8E53-A65F756FBD96} = {9C4752AE-4357-4FC5-842C-2F44B4B15992}
		{1646ED2E-CE17-44E6-A17B-EB70EE370FF6} = {9C4752AE-4357-4FC5-842C-2F44B4B15992}
		{E8C33034-ECAF-4DAE-A5A6-C06CC3610931} = {9C4752AE-4357-4FC5-842C-2F44B4B15992}
		{B6DF4FD9-3110-4A91-8434-88024C582C4E} = {9C4752AE-4357-4FC5-842C-2F44B4B15992}
		{497BB59A-8138-4D7A-A846-42EA400D13C7} = {E439D789-52A4-4F8D-9C16-94CE2443962F}
		{D47F73BA-9DD3-4131-B4EB-4E0E6FF0D704} = {E439D789-52A4-4F8D-9C16-94CE2443962F}
		{8479FA86-C26B-4C14-867F-A21A2AD5646D} = {E439D789-52A4-4F8D-9C16-94CE2443962F}
		{AC272414-0F0B-47AA-9F28-3E4957BF71BC} = {E439D789-52A4-4F8D-9C16-94CE2443962F}
	EndGlobalSection
EndGlobal
