
Microsoft Visual Studio Solution File, Format Version 10.00
# Visual Studio 2008
# SharpDevelop 3.0.0.3800
Project("{FAE04EC0-301F-11D3-BF4B-00C04F79EFBC}") = "IrcShark", "IrcShark\IrcShark.csproj", "{F6955540-7429-49FB-AE3D-A9AD916D2334}"
EndProject
Project("{9344BDBB-3E7F-41FC-A0DD-8665D75EE146}") = "Packages", "Packages.mdproj", "{9A480CA2-9AA7-48AC-BCA1-0E7AB215973D}"
EndProject
Project("{9344BDBB-3E7F-41FC-A0DD-8665D75EE146}") = "IrcSharkTranslation", "IrcSharkTranslation\IrcSharkTranslation.mdproj", "{5E631CD2-F7F0-42F9-9D64-FA7BC24A07D5}"
EndProject
Project("{FAE04EC0-301F-11D3-BF4B-00C04F79EFBC}") = "IrcSharkStarter", "IrcSharkStarter\IrcSharkStarter.csproj", "{340C66BE-24B0-484E-8B7C-4B492219B59E}"
EndProject
Project("{9344BDBB-3E7F-41FC-A0DD-8665D75EE146}") = "IrcSharkStarterTranslation", "IrcSharkStarterTranslation\IrcSharkStarterTranslation.mdproj", "{2951292C-273B-4045-8646-6F74FF151541}"
EndProject
Project("{FAE04EC0-301F-11D3-BF4B-00C04F79EFBC}") = "IrcShark.Policy", "IrcShark.Policy\IrcShark.Policy.csproj", "{E18BFAF4-843E-4894-B9BF-7E4F7CA943DA}"
EndProject
Project("{FAE04EC0-301F-11D3-BF4B-00C04F79EFBC}") = "IrcSharkTest", "IrcSharkTest\IrcSharkTest.csproj", "{99EC1B2C-8F03-40C5-82CF-4E5A726F1AFD}"
EndProject
Project("{FAE04EC0-301F-11D3-BF4B-00C04F79EFBC}") = "IrcSharpTest", "IrcSharpTest\IrcSharpTest.csproj", "{867ABEAC-AC81-4C23-BBBD-3CFB9836B2A1}"
EndProject
Project("{FAE04EC0-301F-11D3-BF4B-00C04F79EFBC}") = "IrcSharp", "IrcSharp\IrcSharp.csproj", "{B287A6A8-748D-4E26-B2FF-1EC098D536F3}"
EndProject
Global
	GlobalSection(SolutionConfigurationPlatforms) = preSolution
		Debug|Any CPU = Debug|Any CPU
		Default|Any CPU = Default|Any CPU
		Release|Any CPU = Release|Any CPU
	EndGlobalSection
	GlobalSection(ProjectConfigurationPlatforms) = postSolution
		{F6955540-7429-49FB-AE3D-A9AD916D2334}.Debug|Any CPU.ActiveCfg = Debug|Any CPU
		{F6955540-7429-49FB-AE3D-A9AD916D2334}.Debug|Any CPU.Build.0 = Debug|Any CPU
		{F6955540-7429-49FB-AE3D-A9AD916D2334}.Default|Any CPU.ActiveCfg = Debug|Any CPU
		{F6955540-7429-49FB-AE3D-A9AD916D2334}.Default|Any CPU.Build.0 = Debug|Any CPU
		{F6955540-7429-49FB-AE3D-A9AD916D2334}.Release|Any CPU.ActiveCfg = Release|Any CPU
		{F6955540-7429-49FB-AE3D-A9AD916D2334}.Release|Any CPU.Build.0 = Release|Any CPU
		{9A480CA2-9AA7-48AC-BCA1-0E7AB215973D}.Debug|Any CPU.ActiveCfg = Debug|Any CPU
		{9A480CA2-9AA7-48AC-BCA1-0E7AB215973D}.Debug|Any CPU.Build.0 = Debug|Any CPU
		{9A480CA2-9AA7-48AC-BCA1-0E7AB215973D}.Default|Any CPU.ActiveCfg = Debug|Any CPU
		{9A480CA2-9AA7-48AC-BCA1-0E7AB215973D}.Release|Any CPU.ActiveCfg = Release|Any CPU
		{9A480CA2-9AA7-48AC-BCA1-0E7AB215973D}.Release|Any CPU.Build.0 = Release|Any CPU
		{5E631CD2-F7F0-42F9-9D64-FA7BC24A07D5}.Debug|Any CPU.ActiveCfg = Debug|Any CPU
		{5E631CD2-F7F0-42F9-9D64-FA7BC24A07D5}.Debug|Any CPU.Build.0 = Debug|Any CPU
		{5E631CD2-F7F0-42F9-9D64-FA7BC24A07D5}.Default|Any CPU.ActiveCfg = Debug|Any CPU
		{5E631CD2-F7F0-42F9-9D64-FA7BC24A07D5}.Release|Any CPU.ActiveCfg = Release|Any CPU
		{5E631CD2-F7F0-42F9-9D64-FA7BC24A07D5}.Release|Any CPU.Build.0 = Release|Any CPU
		{340C66BE-24B0-484E-8B7C-4B492219B59E}.Debug|Any CPU.ActiveCfg = Debug|Any CPU
		{340C66BE-24B0-484E-8B7C-4B492219B59E}.Debug|Any CPU.Build.0 = Debug|Any CPU
		{340C66BE-24B0-484E-8B7C-4B492219B59E}.Default|Any CPU.ActiveCfg = Debug|Any CPU
		{340C66BE-24B0-484E-8B7C-4B492219B59E}.Default|Any CPU.Build.0 = Debug|Any CPU
		{340C66BE-24B0-484E-8B7C-4B492219B59E}.Release|Any CPU.ActiveCfg = Release|Any CPU
		{340C66BE-24B0-484E-8B7C-4B492219B59E}.Release|Any CPU.Build.0 = Release|Any CPU
		{2951292C-273B-4045-8646-6F74FF151541}.Debug|Any CPU.ActiveCfg = Debug|Any CPU
		{2951292C-273B-4045-8646-6F74FF151541}.Debug|Any CPU.Build.0 = Debug|Any CPU
		{2951292C-273B-4045-8646-6F74FF151541}.Default|Any CPU.ActiveCfg = Debug|Any CPU
		{2951292C-273B-4045-8646-6F74FF151541}.Release|Any CPU.ActiveCfg = Release|Any CPU
		{2951292C-273B-4045-8646-6F74FF151541}.Release|Any CPU.Build.0 = Release|Any CPU
		{E18BFAF4-843E-4894-B9BF-7E4F7CA943DA}.Debug|Any CPU.ActiveCfg = Debug|Any CPU
		{E18BFAF4-843E-4894-B9BF-7E4F7CA943DA}.Debug|Any CPU.Build.0 = Debug|Any CPU
		{E18BFAF4-843E-4894-B9BF-7E4F7CA943DA}.Default|Any CPU.ActiveCfg = Debug|Any CPU
		{E18BFAF4-843E-4894-B9BF-7E4F7CA943DA}.Default|Any CPU.Build.0 = Debug|Any CPU
		{E18BFAF4-843E-4894-B9BF-7E4F7CA943DA}.Release|Any CPU.ActiveCfg = Release|Any CPU
		{E18BFAF4-843E-4894-B9BF-7E4F7CA943DA}.Release|Any CPU.Build.0 = Release|Any CPU
		{99EC1B2C-8F03-40C5-82CF-4E5A726F1AFD}.Debug|Any CPU.ActiveCfg = Debug|Any CPU
		{99EC1B2C-8F03-40C5-82CF-4E5A726F1AFD}.Debug|Any CPU.Build.0 = Debug|Any CPU
		{99EC1B2C-8F03-40C5-82CF-4E5A726F1AFD}.Default|Any CPU.ActiveCfg = Debug|Any CPU
		{99EC1B2C-8F03-40C5-82CF-4E5A726F1AFD}.Default|Any CPU.Build.0 = Debug|Any CPU
		{99EC1B2C-8F03-40C5-82CF-4E5A726F1AFD}.Release|Any CPU.ActiveCfg = Release|Any CPU
		{99EC1B2C-8F03-40C5-82CF-4E5A726F1AFD}.Release|Any CPU.Build.0 = Release|Any CPU
		{867ABEAC-AC81-4C23-BBBD-3CFB9836B2A1}.Debug|Any CPU.ActiveCfg = Debug|Any CPU
		{867ABEAC-AC81-4C23-BBBD-3CFB9836B2A1}.Debug|Any CPU.Build.0 = Debug|Any CPU
		{867ABEAC-AC81-4C23-BBBD-3CFB9836B2A1}.Default|Any CPU.ActiveCfg = Debug|Any CPU
		{867ABEAC-AC81-4C23-BBBD-3CFB9836B2A1}.Default|Any CPU.Build.0 = Debug|Any CPU
		{867ABEAC-AC81-4C23-BBBD-3CFB9836B2A1}.Release|Any CPU.ActiveCfg = Release|Any CPU
		{867ABEAC-AC81-4C23-BBBD-3CFB9836B2A1}.Release|Any CPU.Build.0 = Release|Any CPU
		{B287A6A8-748D-4E26-B2FF-1EC098D536F3}.Debug|Any CPU.ActiveCfg = Debug|Any CPU
		{B287A6A8-748D-4E26-B2FF-1EC098D536F3}.Debug|Any CPU.Build.0 = Debug|Any CPU
		{B287A6A8-748D-4E26-B2FF-1EC098D536F3}.Default|Any CPU.ActiveCfg = Debug|Any CPU
		{B287A6A8-748D-4E26-B2FF-1EC098D536F3}.Default|Any CPU.Build.0 = Debug|Any CPU
		{B287A6A8-748D-4E26-B2FF-1EC098D536F3}.Release|Any CPU.ActiveCfg = Release|Any CPU
		{B287A6A8-748D-4E26-B2FF-1EC098D536F3}.Release|Any CPU.Build.0 = Release|Any CPU
		{2951292C-273B-4045-8646-6F74FF151541}.Default|Any CPU.Build.0 = Default|Any CPU
		{5E631CD2-F7F0-42F9-9D64-FA7BC24A07D5}.Default|Any CPU.Build.0 = Default|Any CPU
		{9A480CA2-9AA7-48AC-BCA1-0E7AB215973D}.Default|Any CPU.Build.0 = Default|Any CPU
	EndGlobalSection
	GlobalSection(SolutionProperties) = preSolution
		HideSolutionNode = FALSE
	EndGlobalSection
	GlobalSection(MonoDevelopProperties) = preSolution
		version = 0.1
		StartupItem = IrcSharkStarter\IrcSharkStarter.csproj
		Policies = $0
		$0.StandardHeader = $1
		$1.Text = @$Id$\n\nNote:\n\nCopyright (C) ${Year} ${CopyrightHolder}\n \nThis program is free software: you can redistribute it and/or modify\nit under the terms of the GNU General Public License as published by\nthe Free Software Foundation, either version 3 of the License, or\n(at your option) any later version.\n\nThis program is distributed in the hope that it will be useful,\nbut WITHOUT ANY WARRANTY; without even the implied warranty of\nMERCHANTABILITY or FITNESS FOR A PARTICULAR PURPOSE.  See the\nGNU General Public License for more details.\n\nYou should have received a copy of the GNU General Public License\nalong with this program.  If not, see <http://www.gnu.org/licenses/>.
		$1.inheritsSet = MITX11License
		$0.DotNetNamingPolicy = $2
		$2.DirectoryNamespaceAssociation = None
		$2.ResourceNamePolicy = FileFormatDefault
		$0.VersionControlPolicy = $3
		$3.inheritsSet = Mono
	EndGlobalSection
EndGlobal
